
Microsoft Visual Studio Solution File, Format Version 12.00
# Visual Studio 2012
Project("{8BC9CEB8-8B4A-11D0-8D11-00A0C91BC942}") = "LuaTest", "LuaTest\LuaTest.vcxproj", "{3A912506-0347-4571-ADC0-9FD7AFDADDCE}"
EndProject
Project("{8BC9CEB8-8B4A-11D0-8D11-00A0C91BC942}") = "LuaLib", "LuaLib\LuaLib.vcxproj", "{472B4AD9-263E-43CC-9337-5235D7A132A0}"
EndProject
Project("{8BC9CEB8-8B4A-11D0-8D11-00A0C91BC942}") = "LuaExe", "LuaExe\LuaExe.vcxproj", "{217CF354-3B97-4378-8C3B-9057AC7E8EC4}"
EndProject
Project("{8BC9CEB8-8B4A-11D0-8D11-00A0C91BC942}") = "LuaCjson", "LuaCjson\LuaCjson.vcxproj", "{5D31C91B-85CD-4A66-9C7F-E0C02DA2BCE9}"
EndProject
Project("{8BC9CEB8-8B4A-11D0-8D11-00A0C91BC942}") = "DllTest", "DllTest\DllTest.vcxproj", "{D76C0CFB-EBC1-4F8E-89EF-31280ACE8EF5}"
EndProject
Project("{8BC9CEB8-8B4A-11D0-8D11-00A0C91BC942}") = "LuaRun", "LuaRun\LuaRun.vcxproj", "{EE1DAB66-858F-46E0-AE86-15CBE143C439}"
EndProject
Project("{8BC9CEB8-8B4A-11D0-8D11-00A0C91BC942}") = "Lua530", "Lua530\Lua530.vcxproj", "{3CFA3895-E509-4465-852D-0D2619505F2D}"
EndProject
Global
	GlobalSection(SolutionConfigurationPlatforms) = preSolution
		Debug|Any CPU = Debug|Any CPU
		Debug|Mixed Platforms = Debug|Mixed Platforms
		Debug|Win32 = Debug|Win32
		Release|Any CPU = Release|Any CPU
		Release|Mixed Platforms = Release|Mixed Platforms
		Release|Win32 = Release|Win32
	EndGlobalSection
	GlobalSection(ProjectConfigurationPlatforms) = postSolution
		{3A912506-0347-4571-ADC0-9FD7AFDADDCE}.Debug|Any CPU.ActiveCfg = Debug|Win32
		{3A912506-0347-4571-ADC0-9FD7AFDADDCE}.Debug|Mixed Platforms.ActiveCfg = Debug|Win32
		{3A912506-0347-4571-ADC0-9FD7AFDADDCE}.Debug|Mixed Platforms.Build.0 = Debug|Win32
		{3A912506-0347-4571-ADC0-9FD7AFDADDCE}.Debug|Mixed Platforms.Deploy.0 = Debug|Win32
		{3A912506-0347-4571-ADC0-9FD7AFDADDCE}.Debug|Win32.ActiveCfg = Debug|Win32
		{3A912506-0347-4571-ADC0-9FD7AFDADDCE}.Debug|Win32.Build.0 = Debug|Win32
		{3A912506-0347-4571-ADC0-9FD7AFDADDCE}.Debug|Win32.Deploy.0 = Debug|Win32
		{3A912506-0347-4571-ADC0-9FD7AFDADDCE}.Release|Any CPU.ActiveCfg = Release|Win32
		{3A912506-0347-4571-ADC0-9FD7AFDADDCE}.Release|Mixed Platforms.ActiveCfg = Release|Win32
		{3A912506-0347-4571-ADC0-9FD7AFDADDCE}.Release|Mixed Platforms.Build.0 = Release|Win32
		{3A912506-0347-4571-ADC0-9FD7AFDADDCE}.Release|Mixed Platforms.Deploy.0 = Release|Win32
		{3A912506-0347-4571-ADC0-9FD7AFDADDCE}.Release|Win32.ActiveCfg = Release|Win32
		{3A912506-0347-4571-ADC0-9FD7AFDADDCE}.Release|Win32.Build.0 = Release|Win32
		{3A912506-0347-4571-ADC0-9FD7AFDADDCE}.Release|Win32.Deploy.0 = Release|Win32
		{472B4AD9-263E-43CC-9337-5235D7A132A0}.Debug|Any CPU.ActiveCfg = Debug|Win32
		{472B4AD9-263E-43CC-9337-5235D7A132A0}.Debug|Mixed Platforms.ActiveCfg = Debug|Win32
		{472B4AD9-263E-43CC-9337-5235D7A132A0}.Debug|Mixed Platforms.Build.0 = Debug|Win32
		{472B4AD9-263E-43CC-9337-5235D7A132A0}.Debug|Mixed Platforms.Deploy.0 = Debug|Win32
		{472B4AD9-263E-43CC-9337-5235D7A132A0}.Debug|Win32.ActiveCfg = Debug|Win32
		{472B4AD9-263E-43CC-9337-5235D7A132A0}.Debug|Win32.Build.0 = Debug|Win32
		{472B4AD9-263E-43CC-9337-5235D7A132A0}.Debug|Win32.Deploy.0 = Debug|Win32
		{472B4AD9-263E-43CC-9337-5235D7A132A0}.Release|Any CPU.ActiveCfg = Release|Win32
		{472B4AD9-263E-43CC-9337-5235D7A132A0}.Release|Mixed Platforms.ActiveCfg = Release|Win32
		{472B4AD9-263E-43CC-9337-5235D7A132A0}.Release|Mixed Platforms.Build.0 = Release|Win32
		{472B4AD9-263E-43CC-9337-5235D7A132A0}.Release|Mixed Platforms.Deploy.0 = Release|Win32
		{472B4AD9-263E-43CC-9337-5235D7A132A0}.Release|Win32.ActiveCfg = Release|Win32
		{472B4AD9-263E-43CC-9337-5235D7A132A0}.Release|Win32.Build.0 = Release|Win32
		{472B4AD9-263E-43CC-9337-5235D7A132A0}.Release|Win32.Deploy.0 = Release|Win32
		{217CF354-3B97-4378-8C3B-9057AC7E8EC4}.Debug|Any CPU.ActiveCfg = Debug|Win32
		{217CF354-3B97-4378-8C3B-9057AC7E8EC4}.Debug|Mixed Platforms.ActiveCfg = Debug|Win32
		{217CF354-3B97-4378-8C3B-9057AC7E8EC4}.Debug|Mixed Platforms.Build.0 = Debug|Win32
		{217CF354-3B97-4378-8C3B-9057AC7E8EC4}.Debug|Mixed Platforms.Deploy.0 = Debug|Win32
		{217CF354-3B97-4378-8C3B-9057AC7E8EC4}.Debug|Win32.ActiveCfg = Debug|Win32
		{217CF354-3B97-4378-8C3B-9057AC7E8EC4}.Debug|Win32.Build.0 = Debug|Win32
		{217CF354-3B97-4378-8C3B-9057AC7E8EC4}.Debug|Win32.Deploy.0 = Debug|Win32
		{217CF354-3B97-4378-8C3B-9057AC7E8EC4}.Release|Any CPU.ActiveCfg = Release|Win32
		{217CF354-3B97-4378-8C3B-9057AC7E8EC4}.Release|Mixed Platforms.ActiveCfg = Release|Win32
		{217CF354-3B97-4378-8C3B-9057AC7E8EC4}.Release|Mixed Platforms.Build.0 = Release|Win32
		{217CF354-3B97-4378-8C3B-9057AC7E8EC4}.Release|Mixed Platforms.Deploy.0 = Release|Win32
		{217CF354-3B97-4378-8C3B-9057AC7E8EC4}.Release|Win32.ActiveCfg = Release|Win32
		{217CF354-3B97-4378-8C3B-9057AC7E8EC4}.Release|Win32.Build.0 = Release|Win32
		{217CF354-3B97-4378-8C3B-9057AC7E8EC4}.Release|Win32.Deploy.0 = Release|Win32
		{5D31C91B-85CD-4A66-9C7F-E0C02DA2BCE9}.Debug|Any CPU.ActiveCfg = Debug|Win32
		{5D31C91B-85CD-4A66-9C7F-E0C02DA2BCE9}.Debug|Mixed Platforms.ActiveCfg = Debug|Win32
		{5D31C91B-85CD-4A66-9C7F-E0C02DA2BCE9}.Debug|Mixed Platforms.Build.0 = Debug|Win32
		{5D31C91B-85CD-4A66-9C7F-E0C02DA2BCE9}.Debug|Mixed Platforms.Deploy.0 = Debug|Win32
		{5D31C91B-85CD-4A66-9C7F-E0C02DA2BCE9}.Debug|Win32.ActiveCfg = Debug|Win32
		{5D31C91B-85CD-4A66-9C7F-E0C02DA2BCE9}.Debug|Win32.Build.0 = Debug|Win32
		{5D31C91B-85CD-4A66-9C7F-E0C02DA2BCE9}.Debug|Win32.Deploy.0 = Debug|Win32
		{5D31C91B-85CD-4A66-9C7F-E0C02DA2BCE9}.Release|Any CPU.ActiveCfg = Release|Win32
		{5D31C91B-85CD-4A66-9C7F-E0C02DA2BCE9}.Release|Mixed Platforms.ActiveCfg = Release|Win32
		{5D31C91B-85CD-4A66-9C7F-E0C02DA2BCE9}.Release|Mixed Platforms.Build.0 = Release|Win32
		{5D31C91B-85CD-4A66-9C7F-E0C02DA2BCE9}.Release|Mixed Platforms.Deploy.0 = Release|Win32
		{5D31C91B-85CD-4A66-9C7F-E0C02DA2BCE9}.Release|Win32.ActiveCfg = Release|Win32
		{5D31C91B-85CD-4A66-9C7F-E0C02DA2BCE9}.Release|Win32.Build.0 = Release|Win32
		{5D31C91B-85CD-4A66-9C7F-E0C02DA2BCE9}.Release|Win32.Deploy.0 = Release|Win32
		{D76C0CFB-EBC1-4F8E-89EF-31280ACE8EF5}.Debug|Any CPU.ActiveCfg = Debug|Win32
		{D76C0CFB-EBC1-4F8E-89EF-31280ACE8EF5}.Debug|Mixed Platforms.ActiveCfg = Debug|Win32
		{D76C0CFB-EBC1-4F8E-89EF-31280ACE8EF5}.Debug|Mixed Platforms.Build.0 = Debug|Win32
		{D76C0CFB-EBC1-4F8E-89EF-31280ACE8EF5}.Debug|Mixed Platforms.Deploy.0 = Debug|Win32
		{D76C0CFB-EBC1-4F8E-89EF-31280ACE8EF5}.Debug|Win32.ActiveCfg = Debug|Win32
		{D76C0CFB-EBC1-4F8E-89EF-31280ACE8EF5}.Debug|Win32.Build.0 = Debug|Win32
		{D76C0CFB-EBC1-4F8E-89EF-31280ACE8EF5}.Debug|Win32.Deploy.0 = Debug|Win32
		{D76C0CFB-EBC1-4F8E-89EF-31280ACE8EF5}.Release|Any CPU.ActiveCfg = Release|Win32
		{D76C0CFB-EBC1-4F8E-89EF-31280ACE8EF5}.Release|Mixed Platforms.ActiveCfg = Release|Win32
		{D76C0CFB-EBC1-4F8E-89EF-31280ACE8EF5}.Release|Mixed Platforms.Build.0 = Release|Win32
		{D76C0CFB-EBC1-4F8E-89EF-31280ACE8EF5}.Release|Mixed Platforms.Deploy.0 = Release|Win32
		{D76C0CFB-EBC1-4F8E-89EF-31280ACE8EF5}.Release|Win32.ActiveCfg = Release|Win32
		{D76C0CFB-EBC1-4F8E-89EF-31280ACE8EF5}.Release|Win32.Build.0 = Release|Win32
		{D76C0CFB-EBC1-4F8E-89EF-31280ACE8EF5}.Release|Win32.Deploy.0 = Release|Win32
		{EE1DAB66-858F-46E0-AE86-15CBE143C439}.Debug|Any CPU.ActiveCfg = Debug|Win32
		{EE1DAB66-858F-46E0-AE86-15CBE143C439}.Debug|Mixed Platforms.ActiveCfg = Debug|Win32
		{EE1DAB66-858F-46E0-AE86-15CBE143C439}.Debug|Mixed Platforms.Build.0 = Debug|Win32
		{EE1DAB66-858F-46E0-AE86-15CBE143C439}.Debug|Mixed Platforms.Deploy.0 = Debug|Win32
		{EE1DAB66-858F-46E0-AE86-15CBE143C439}.Debug|Win32.ActiveCfg = Debug|Win32
		{EE1DAB66-858F-46E0-AE86-15CBE143C439}.Debug|Win32.Build.0 = Debug|Win32
		{EE1DAB66-858F-46E0-AE86-15CBE143C439}.Debug|Win32.Deploy.0 = Debug|Win32
		{EE1DAB66-858F-46E0-AE86-15CBE143C439}.Release|Any CPU.ActiveCfg = Release|Win32
		{EE1DAB66-858F-46E0-AE86-15CBE143C439}.Release|Mixed Platforms.ActiveCfg = Release|Win32
		{EE1DAB66-858F-46E0-AE86-15CBE143C439}.Release|Mixed Platforms.Build.0 = Release|Win32
		{EE1DAB66-858F-46E0-AE86-15CBE143C439}.Release|Mixed Platforms.Deploy.0 = Release|Win32
		{EE1DAB66-858F-46E0-AE86-15CBE143C439}.Release|Win32.ActiveCfg = Release|Win32
		{EE1DAB66-858F-46E0-AE86-15CBE143C439}.Release|Win32.Build.0 = Release|Win32
		{EE1DAB66-858F-46E0-AE86-15CBE143C439}.Release|Win32.Deploy.0 = Release|Win32
		{3CFA3895-E509-4465-852D-0D2619505F2D}.Debug|Any CPU.ActiveCfg = Debug|Win32
		{3CFA3895-E509-4465-852D-0D2619505F2D}.Debug|Mixed Platforms.ActiveCfg = Debug|Win32
		{3CFA3895-E509-4465-852D-0D2619505F2D}.Debug|Mixed Platforms.Build.0 = Debug|Win32
		{3CFA3895-E509-4465-852D-0D2619505F2D}.Debug|Mixed Platforms.Deploy.0 = Debug|Win32
		{3CFA3895-E509-4465-852D-0D2619505F2D}.Debug|Win32.ActiveCfg = Debug|Win32
		{3CFA3895-E509-4465-852D-0D2619505F2D}.Debug|Win32.Build.0 = Debug|Win32
		{3CFA3895-E509-4465-852D-0D2619505F2D}.Debug|Win32.Deploy.0 = Debug|Win32
		{3CFA3895-E509-4465-852D-0D2619505F2D}.Release|Any CPU.ActiveCfg = Release|Win32
		{3CFA3895-E509-4465-852D-0D2619505F2D}.Release|Mixed Platforms.ActiveCfg = Release|Win32
		{3CFA3895-E509-4465-852D-0D2619505F2D}.Release|Mixed Platforms.Build.0 = Release|Win32
		{3CFA3895-E509-4465-852D-0D2619505F2D}.Release|Mixed Platforms.Deploy.0 = Release|Win32
		{3CFA3895-E509-4465-852D-0D2619505F2D}.Release|Win32.ActiveCfg = Release|Win32
		{3CFA3895-E509-4465-852D-0D2619505F2D}.Release|Win32.Build.0 = Release|Win32
		{3CFA3895-E509-4465-852D-0D2619505F2D}.Release|Win32.Deploy.0 = Release|Win32
	EndGlobalSection
	GlobalSection(SolutionProperties) = preSolution
		HideSolutionNode = FALSE
	EndGlobalSection
EndGlobal
